
Microsoft Visual Studio Solution File, Format Version 12.00
# Visual Studio 15
VisualStudioVersion = 15.0.28307.1831
MinimumVisualStudioVersion = 10.0.40219.1
Project("{8BC9CEB8-8B4A-11D0-8D11-00A0C91BC942}") = "SGCL", "SGCL\SGCL.vcxproj", "{91F4DC09-C55F-4692-882A-8BEFED6DDC37}"
EndProject
Project("{8BC9CEB8-8B4A-11D0-8D11-00A0C91BC942}") = "Viewer", "Viewer\Viewer.vcxproj", "{438CFBBD-6F9E-4634-8C20-0471A328428C}"
EndProject
Global
	GlobalSection(SolutionConfigurationPlatforms) = preSolution
		Debug|x64 = Debug|x64
		Debug|x86 = Debug|x86
		Release|x64 = Release|x64
		Release|x86 = Release|x86
	EndGlobalSection
	GlobalSection(ProjectConfigurationPlatforms) = postSolution
		{91F4DC09-C55F-4692-882A-8BEFED6DDC37}.Debug|x64.ActiveCfg = Debug|x64
		{91F4DC09-C55F-4692-882A-8BEFED6DDC37}.Debug|x64.Build.0 = Debug|x64
		{91F4DC09-C55F-4692-882A-8BEFED6DDC37}.Debug|x86.ActiveCfg = Debug|Win32
		{91F4DC09-C55F-4692-882A-8BEFED6DDC37}.Debug|x86.Build.0 = Debug|Win32
		{91F4DC09-C55F-4692-882A-8BEFED6DDC37}.Release|x64.ActiveCfg = Release|x64
		{91F4DC09-C55F-4692-882A-8BEFED6DDC37}.Release|x64.Build.0 = Release|x64
		{91F4DC09-C55F-4692-882A-8BEFED6DDC37}.Release|x86.ActiveCfg = Release|Win32
		{91F4DC09-C55F-4692-882A-8BEFED6DDC37}.Release|x86.Build.0 = Release|Win32
		{438CFBBD-6F9E-4634-8C20-0471A328428C}.Debug|x64.ActiveCfg = Debug|x64
		{438CFBBD-6F9E-4634-8C20-0471A328428C}.Debug|x64.Build.0 = Debug|x64
		{438CFBBD-6F9E-4634-8C20-0471A328428C}.Debug|x86.ActiveCfg = Debug|x64
		{438CFBBD-6F9E-4634-8C20-0471A328428C}.Release|x64.ActiveCfg = Release|x64
		{438CFBBD-6F9E-4634-8C20-0471A328428C}.Release|x64.Build.0 = Release|x64
		{438CFBBD-6F9E-4634-8C20-0471A328428C}.Release|x86.ActiveCfg = Release|x64
	EndGlobalSection
	GlobalSection(SolutionProperties) = preSolution
		HideSolutionNode = FALSE
	EndGlobalSection
	GlobalSection(ExtensibilityGlobals) = postSolution
		SolutionGuid = {52AF3C4F-5224-4FA7-9AD1-E414EACC6A88}
	EndGlobalSection
EndGlobal
